// !$*UTF8*$!
{
	archiveVersion = 1;
	classes = {
	};
	objectVersion = 50;
	objects = {

/* Begin PBXBuildFile section */
		EFD82B7B5302848D7D562AC0 /* Pods_amiihub.framework in Frameworks */ = {isa = PBXBuildFile; fileRef = 71C35D13147C7B38BA6B5E5D /* Pods_amiihub.framework */; };
		FDB2CB3421E6194200802B87 /* ViewController.swift in Sources */ = {isa = PBXBuildFile; fileRef = FDB2CB3321E6194200802B87 /* ViewController.swift */; };
		FDB2CB3721E6194300802B87 /* Main.storyboard in Resources */ = {isa = PBXBuildFile; fileRef = FDB2CB3521E6194300802B87 /* Main.storyboard */; };
		FDB2CB3921E6194500802B87 /* Assets.xcassets in Resources */ = {isa = PBXBuildFile; fileRef = FDB2CB3821E6194500802B87 /* Assets.xcassets */; };
		FDB2CB3C21E6194500802B87 /* LaunchScreen.storyboard in Resources */ = {isa = PBXBuildFile; fileRef = FDB2CB3A21E6194500802B87 /* LaunchScreen.storyboard */; };
		FDB2CB4B21E61F9900802B87 /* AppDelegate.swift in Sources */ = {isa = PBXBuildFile; fileRef = FDB2CB4A21E61F9900802B87 /* AppDelegate.swift */; };
		FDB2CB4F21E620C000802B87 /* LibsManager.swift in Sources */ = {isa = PBXBuildFile; fileRef = FDB2CB4E21E620C000802B87 /* LibsManager.swift */; };
/* End PBXBuildFile section */

/* Begin PBXFileReference section */
		68F4747030C1D82C7D506549 /* Pods-amiihub.release.xcconfig */ = {isa = PBXFileReference; includeInIndex = 1; lastKnownFileType = text.xcconfig; name = "Pods-amiihub.release.xcconfig"; path = "Target Support Files/Pods-amiihub/Pods-amiihub.release.xcconfig"; sourceTree = "<group>"; };
		71C35D13147C7B38BA6B5E5D /* Pods_amiihub.framework */ = {isa = PBXFileReference; explicitFileType = wrapper.framework; includeInIndex = 0; path = Pods_amiihub.framework; sourceTree = BUILT_PRODUCTS_DIR; };
		9E3DFAB529656F131630F9CB /* Pods-amiihub.debug.xcconfig */ = {isa = PBXFileReference; includeInIndex = 1; lastKnownFileType = text.xcconfig; name = "Pods-amiihub.debug.xcconfig"; path = "Target Support Files/Pods-amiihub/Pods-amiihub.debug.xcconfig"; sourceTree = "<group>"; };
		FDB2CB2E21E6194200802B87 /* amiihub.app */ = {isa = PBXFileReference; explicitFileType = wrapper.application; includeInIndex = 0; path = amiihub.app; sourceTree = BUILT_PRODUCTS_DIR; };
		FDB2CB3321E6194200802B87 /* ViewController.swift */ = {isa = PBXFileReference; lastKnownFileType = sourcecode.swift; path = ViewController.swift; sourceTree = "<group>"; };
		FDB2CB3621E6194300802B87 /* Base */ = {isa = PBXFileReference; lastKnownFileType = file.storyboard; name = Base; path = Base.lproj/Main.storyboard; sourceTree = "<group>"; };
		FDB2CB3821E6194500802B87 /* Assets.xcassets */ = {isa = PBXFileReference; lastKnownFileType = folder.assetcatalog; path = Assets.xcassets; sourceTree = "<group>"; };
		FDB2CB3B21E6194500802B87 /* Base */ = {isa = PBXFileReference; lastKnownFileType = file.storyboard; name = Base; path = Base.lproj/LaunchScreen.storyboard; sourceTree = "<group>"; };
		FDB2CB3D21E6194500802B87 /* Info.plist */ = {isa = PBXFileReference; lastKnownFileType = text.plist.xml; path = Info.plist; sourceTree = "<group>"; };
		FDB2CB4A21E61F9900802B87 /* AppDelegate.swift */ = {isa = PBXFileReference; fileEncoding = 4; lastKnownFileType = sourcecode.swift; path = AppDelegate.swift; sourceTree = "<group>"; };
		FDB2CB4E21E620C000802B87 /* LibsManager.swift */ = {isa = PBXFileReference; lastKnownFileType = sourcecode.swift; path = LibsManager.swift; sourceTree = "<group>"; };
/* End PBXFileReference section */

/* Begin PBXFrameworksBuildPhase section */
		FDB2CB2B21E6194200802B87 /* Frameworks */ = {
			isa = PBXFrameworksBuildPhase;
			buildActionMask = 2147483647;
			files = (
				EFD82B7B5302848D7D562AC0 /* Pods_amiihub.framework in Frameworks */,
			);
			runOnlyForDeploymentPostprocessing = 0;
		};
/* End PBXFrameworksBuildPhase section */

/* Begin PBXGroup section */
		56A0B66179E3A17907CDF3A6 /* Pods */ = {
			isa = PBXGroup;
			children = (
				9E3DFAB529656F131630F9CB /* Pods-amiihub.debug.xcconfig */,
				68F4747030C1D82C7D506549 /* Pods-amiihub.release.xcconfig */,
			);
			path = Pods;
			sourceTree = "<group>";
		};
		C49F1E5CB9F592E988B56358 /* Frameworks */ = {
			isa = PBXGroup;
			children = (
				71C35D13147C7B38BA6B5E5D /* Pods_amiihub.framework */,
			);
			name = Frameworks;
			sourceTree = "<group>";
		};
		FDB2CB2521E6194200802B87 = {
			isa = PBXGroup;
			children = (
				FDB2CB3021E6194200802B87 /* amiihub */,
				FDB2CB2F21E6194200802B87 /* Products */,
				56A0B66179E3A17907CDF3A6 /* Pods */,
				C49F1E5CB9F592E988B56358 /* Frameworks */,
			);
			sourceTree = "<group>";
		};
		FDB2CB2F21E6194200802B87 /* Products */ = {
			isa = PBXGroup;
			children = (
				FDB2CB2E21E6194200802B87 /* amiihub.app */,
			);
			name = Products;
			sourceTree = "<group>";
		};
		FDB2CB3021E6194200802B87 /* amiihub */ = {
			isa = PBXGroup;
			children = (
				FDB2CB4721E61F7400802B87 /* Application */,
				FDB2CB4D21E6209800802B87 /* Managers */,
				FDB2CB5021E6227E00802B87 /* Modules */,
				FDB2CB4C21E61FBF00802B87 /* Resources */,
			);
			path = amiihub;
			sourceTree = "<group>";
		};
		FDB2CB4721E61F7400802B87 /* Application */ = {
			isa = PBXGroup;
			children = (
				FDB2CB4A21E61F9900802B87 /* AppDelegate.swift */,
			);
			path = Application;
			sourceTree = "<group>";
		};
		FDB2CB4C21E61FBF00802B87 /* Resources */ = {
			isa = PBXGroup;
			children = (
				FDB2CB3821E6194500802B87 /* Assets.xcassets */,
				FDB2CB3D21E6194500802B87 /* Info.plist */,
			);
			path = Resources;
			sourceTree = "<group>";
		};
		FDB2CB4D21E6209800802B87 /* Managers */ = {
			isa = PBXGroup;
			children = (
				FDB2CB4E21E620C000802B87 /* LibsManager.swift */,
			);
			path = Managers;
			sourceTree = "<group>";
		};
		FDB2CB5021E6227E00802B87 /* Modules */ = {
			isa = PBXGroup;
			children = (
				FDB2CB5121E6229E00802B87 /* Main */,
			);
			path = Modules;
			sourceTree = "<group>";
		};
		FDB2CB5121E6229E00802B87 /* Main */ = {
			isa = PBXGroup;
			children = (
				FDB2CB3A21E6194500802B87 /* LaunchScreen.storyboard */,
				FDB2CB3521E6194300802B87 /* Main.storyboard */,
				FDB2CB3321E6194200802B87 /* ViewController.swift */,
			);
			path = Main;
			sourceTree = "<group>";
		};
/* End PBXGroup section */

/* Begin PBXNativeTarget section */
		FDB2CB2D21E6194200802B87 /* amiihub */ = {
			isa = PBXNativeTarget;
			buildConfigurationList = FDB2CB4021E6194500802B87 /* Build configuration list for PBXNativeTarget "amiihub" */;
			buildPhases = (
				917DDC1256C31658A7E4368A /* [CP] Check Pods Manifest.lock */,
				FDB2CB2A21E6194200802B87 /* Sources */,
				FDB2CB2B21E6194200802B87 /* Frameworks */,
				FDB2CB2C21E6194200802B87 /* Resources */,
				BAFD88E99CCD607D8337C8C1 /* [CP] Embed Pods Frameworks */,
			);
			buildRules = (
			);
			dependencies = (
			);
			name = amiihub;
			productName = amiihub;
			productReference = FDB2CB2E21E6194200802B87 /* amiihub.app */;
			productType = "com.apple.product-type.application";
		};
/* End PBXNativeTarget section */

/* Begin PBXProject section */
		FDB2CB2621E6194200802B87 /* Project object */ = {
			isa = PBXProject;
			attributes = {
				LastSwiftUpdateCheck = 1010;
				LastUpgradeCheck = 1010;
				ORGANIZATIONNAME = imzyf;
				TargetAttributes = {
					FDB2CB2D21E6194200802B87 = {
						CreatedOnToolsVersion = 10.1;
					};
				};
			};
			buildConfigurationList = FDB2CB2921E6194200802B87 /* Build configuration list for PBXProject "amiihub" */;
			compatibilityVersion = "Xcode 9.3";
			developmentRegion = en;
			hasScannedForEncodings = 0;
			knownRegions = (
				en,
				Base,
			);
			mainGroup = FDB2CB2521E6194200802B87;
			productRefGroup = FDB2CB2F21E6194200802B87 /* Products */;
			projectDirPath = "";
			projectRoot = "";
			targets = (
				FDB2CB2D21E6194200802B87 /* amiihub */,
			);
		};
/* End PBXProject section */

/* Begin PBXResourcesBuildPhase section */
		FDB2CB2C21E6194200802B87 /* Resources */ = {
			isa = PBXResourcesBuildPhase;
			buildActionMask = 2147483647;
			files = (
				FDB2CB3C21E6194500802B87 /* LaunchScreen.storyboard in Resources */,
				FDB2CB3921E6194500802B87 /* Assets.xcassets in Resources */,
				FDB2CB3721E6194300802B87 /* Main.storyboard in Resources */,
			);
			runOnlyForDeploymentPostprocessing = 0;
		};
/* End PBXResourcesBuildPhase section */

/* Begin PBXShellScriptBuildPhase section */
		917DDC1256C31658A7E4368A /* [CP] Check Pods Manifest.lock */ = {
			isa = PBXShellScriptBuildPhase;
			buildActionMask = 2147483647;
			files = (
			);
			inputFileListPaths = (
			);
			inputPaths = (
				"${PODS_PODFILE_DIR_PATH}/Podfile.lock",
				"${PODS_ROOT}/Manifest.lock",
			);
			name = "[CP] Check Pods Manifest.lock";
			outputFileListPaths = (
			);
			outputPaths = (
				"$(DERIVED_FILE_DIR)/Pods-amiihub-checkManifestLockResult.txt",
			);
			runOnlyForDeploymentPostprocessing = 0;
			shellPath = /bin/sh;
			shellScript = "diff \"${PODS_PODFILE_DIR_PATH}/Podfile.lock\" \"${PODS_ROOT}/Manifest.lock\" > /dev/null\nif [ $? != 0 ] ; then\n    # print error to STDERR\n    echo \"error: The sandbox is not in sync with the Podfile.lock. Run 'pod install' or update your CocoaPods installation.\" >&2\n    exit 1\nfi\n# This output is used by Xcode 'outputs' to avoid re-running this script phase.\necho \"SUCCESS\" > \"${SCRIPT_OUTPUT_FILE_0}\"\n";
			showEnvVarsInLog = 0;
		};
		BAFD88E99CCD607D8337C8C1 /* [CP] Embed Pods Frameworks */ = {
			isa = PBXShellScriptBuildPhase;
			buildActionMask = 2147483647;
			files = (
			);
			inputFileListPaths = (
			);
			inputPaths = (
				"${PODS_ROOT}/Target Support Files/Pods-amiihub/Pods-amiihub-frameworks.sh",
				"${BUILT_PRODUCTS_DIR}/Alamofire/Alamofire.framework",
				"${BUILT_PRODUCTS_DIR}/CocoaLumberjack/CocoaLumberjack.framework",
				"${BUILT_PRODUCTS_DIR}/Differentiator/Differentiator.framework",
				"${BUILT_PRODUCTS_DIR}/Kingfisher/Kingfisher.framework",
				"${BUILT_PRODUCTS_DIR}/Moya/Moya.framework",
				"${BUILT_PRODUCTS_DIR}/NSObject+Rx/NSObject_Rx.framework",
				"${BUILT_PRODUCTS_DIR}/R.swift.Library/Rswift.framework",
				"${BUILT_PRODUCTS_DIR}/ReachabilitySwift/Reachability.framework",
				"${BUILT_PRODUCTS_DIR}/Result/Result.framework",
				"${BUILT_PRODUCTS_DIR}/RxAtomic/RxAtomic.framework",
				"${BUILT_PRODUCTS_DIR}/RxCocoa/RxCocoa.framework",
				"${BUILT_PRODUCTS_DIR}/RxDataSources/RxDataSources.framework",
				"${BUILT_PRODUCTS_DIR}/RxGesture/RxGesture.framework",
				"${BUILT_PRODUCTS_DIR}/RxOptional/RxOptional.framework",
				"${BUILT_PRODUCTS_DIR}/RxSwift/RxSwift.framework",
				"${BUILT_PRODUCTS_DIR}/RxSwiftExt/RxSwiftExt.framework",
				"${BUILT_PRODUCTS_DIR}/RxTheme/RxTheme.framework",
				"${BUILT_PRODUCTS_DIR}/RxViewController/RxViewController.framework",
				"${BUILT_PRODUCTS_DIR}/SnapKit/SnapKit.framework",
				"${BUILT_PRODUCTS_DIR}/SwifterSwift/SwifterSwift.framework",
				"${BUILT_PRODUCTS_DIR}/YYText/YYText.framework",
			);
			name = "[CP] Embed Pods Frameworks";
			outputFileListPaths = (
			);
			outputPaths = (
				"${TARGET_BUILD_DIR}/${FRAMEWORKS_FOLDER_PATH}/Alamofire.framework",
				"${TARGET_BUILD_DIR}/${FRAMEWORKS_FOLDER_PATH}/CocoaLumberjack.framework",
				"${TARGET_BUILD_DIR}/${FRAMEWORKS_FOLDER_PATH}/Differentiator.framework",
				"${TARGET_BUILD_DIR}/${FRAMEWORKS_FOLDER_PATH}/Kingfisher.framework",
				"${TARGET_BUILD_DIR}/${FRAMEWORKS_FOLDER_PATH}/Moya.framework",
				"${TARGET_BUILD_DIR}/${FRAMEWORKS_FOLDER_PATH}/NSObject_Rx.framework",
				"${TARGET_BUILD_DIR}/${FRAMEWORKS_FOLDER_PATH}/Rswift.framework",
				"${TARGET_BUILD_DIR}/${FRAMEWORKS_FOLDER_PATH}/Reachability.framework",
				"${TARGET_BUILD_DIR}/${FRAMEWORKS_FOLDER_PATH}/Result.framework",
				"${TARGET_BUILD_DIR}/${FRAMEWORKS_FOLDER_PATH}/RxAtomic.framework",
				"${TARGET_BUILD_DIR}/${FRAMEWORKS_FOLDER_PATH}/RxCocoa.framework",
				"${TARGET_BUILD_DIR}/${FRAMEWORKS_FOLDER_PATH}/RxDataSources.framework",
				"${TARGET_BUILD_DIR}/${FRAMEWORKS_FOLDER_PATH}/RxGesture.framework",
				"${TARGET_BUILD_DIR}/${FRAMEWORKS_FOLDER_PATH}/RxOptional.framework",
				"${TARGET_BUILD_DIR}/${FRAMEWORKS_FOLDER_PATH}/RxSwift.framework",
				"${TARGET_BUILD_DIR}/${FRAMEWORKS_FOLDER_PATH}/RxSwiftExt.framework",
				"${TARGET_BUILD_DIR}/${FRAMEWORKS_FOLDER_PATH}/RxTheme.framework",
				"${TARGET_BUILD_DIR}/${FRAMEWORKS_FOLDER_PATH}/RxViewController.framework",
				"${TARGET_BUILD_DIR}/${FRAMEWORKS_FOLDER_PATH}/SnapKit.framework",
				"${TARGET_BUILD_DIR}/${FRAMEWORKS_FOLDER_PATH}/SwifterSwift.framework",
				"${TARGET_BUILD_DIR}/${FRAMEWORKS_FOLDER_PATH}/YYText.framework",
			);
			runOnlyForDeploymentPostprocessing = 0;
			shellPath = /bin/sh;
			shellScript = "\"${PODS_ROOT}/Target Support Files/Pods-amiihub/Pods-amiihub-frameworks.sh\"\n";
			showEnvVarsInLog = 0;
		};
/* End PBXShellScriptBuildPhase section */

/* Begin PBXSourcesBuildPhase section */
		FDB2CB2A21E6194200802B87 /* Sources */ = {
			isa = PBXSourcesBuildPhase;
			buildActionMask = 2147483647;
			files = (
				FDB2CB4B21E61F9900802B87 /* AppDelegate.swift in Sources */,
				FDB2CB4F21E620C000802B87 /* LibsManager.swift in Sources */,
				FDB2CB3421E6194200802B87 /* ViewController.swift in Sources */,
			);
			runOnlyForDeploymentPostprocessing = 0;
		};
/* End PBXSourcesBuildPhase section */

/* Begin PBXVariantGroup section */
		FDB2CB3521E6194300802B87 /* Main.storyboard */ = {
			isa = PBXVariantGroup;
			children = (
				FDB2CB3621E6194300802B87 /* Base */,
			);
			name = Main.storyboard;
			sourceTree = "<group>";
		};
		FDB2CB3A21E6194500802B87 /* LaunchScreen.storyboard */ = {
			isa = PBXVariantGroup;
			children = (
				FDB2CB3B21E6194500802B87 /* Base */,
			);
			name = LaunchScreen.storyboard;
			sourceTree = "<group>";
		};
/* End PBXVariantGroup section */

/* Begin XCBuildConfiguration section */
		FDB2CB3E21E6194500802B87 /* Debug */ = {
			isa = XCBuildConfiguration;
			buildSettings = {
				ALWAYS_SEARCH_USER_PATHS = NO;
				CLANG_ANALYZER_NONNULL = YES;
				CLANG_ANALYZER_NUMBER_OBJECT_CONVERSION = YES_AGGRESSIVE;
				CLANG_CXX_LANGUAGE_STANDARD = "gnu++14";
				CLANG_CXX_LIBRARY = "libc++";
				CLANG_ENABLE_MODULES = YES;
				CLANG_ENABLE_OBJC_ARC = YES;
				CLANG_ENABLE_OBJC_WEAK = YES;
				CLANG_WARN_BLOCK_CAPTURE_AUTORELEASING = YES;
				CLANG_WARN_BOOL_CONVERSION = YES;
				CLANG_WARN_COMMA = YES;
				CLANG_WARN_CONSTANT_CONVERSION = YES;
				CLANG_WARN_DEPRECATED_OBJC_IMPLEMENTATIONS = YES;
				CLANG_WARN_DIRECT_OBJC_ISA_USAGE = YES_ERROR;
				CLANG_WARN_DOCUMENTATION_COMMENTS = YES;
				CLANG_WARN_EMPTY_BODY = YES;
				CLANG_WARN_ENUM_CONVERSION = YES;
				CLANG_WARN_INFINITE_RECURSION = YES;
				CLANG_WARN_INT_CONVERSION = YES;
				CLANG_WARN_NON_LITERAL_NULL_CONVERSION = YES;
				CLANG_WARN_OBJC_IMPLICIT_RETAIN_SELF = YES;
				CLANG_WARN_OBJC_LITERAL_CONVERSION = YES;
				CLANG_WARN_OBJC_ROOT_CLASS = YES_ERROR;
				CLANG_WARN_RANGE_LOOP_ANALYSIS = YES;
				CLANG_WARN_STRICT_PROTOTYPES = YES;
				CLANG_WARN_SUSPICIOUS_MOVE = YES;
				CLANG_WARN_UNGUARDED_AVAILABILITY = YES_AGGRESSIVE;
				CLANG_WARN_UNREACHABLE_CODE = YES;
				CLANG_WARN__DUPLICATE_METHOD_MATCH = YES;
				CODE_SIGN_IDENTITY = "iPhone Developer";
				COPY_PHASE_STRIP = NO;
				DEBUG_INFORMATION_FORMAT = dwarf;
				ENABLE_STRICT_OBJC_MSGSEND = YES;
				ENABLE_TESTABILITY = YES;
				GCC_C_LANGUAGE_STANDARD = gnu11;
				GCC_DYNAMIC_NO_PIC = NO;
				GCC_NO_COMMON_BLOCKS = YES;
				GCC_OPTIMIZATION_LEVEL = 0;
				GCC_PREPROCESSOR_DEFINITIONS = (
					"DEBUG=1",
					"$(inherited)",
				);
				GCC_WARN_64_TO_32_BIT_CONVERSION = YES;
				GCC_WARN_ABOUT_RETURN_TYPE = YES_ERROR;
				GCC_WARN_UNDECLARED_SELECTOR = YES;
				GCC_WARN_UNINITIALIZED_AUTOS = YES_AGGRESSIVE;
				GCC_WARN_UNUSED_FUNCTION = YES;
				GCC_WARN_UNUSED_VARIABLE = YES;
				IPHONEOS_DEPLOYMENT_TARGET = 12.1;
				MTL_ENABLE_DEBUG_INFO = INCLUDE_SOURCE;
				MTL_FAST_MATH = YES;
				ONLY_ACTIVE_ARCH = YES;
				SDKROOT = iphoneos;
				SWIFT_ACTIVE_COMPILATION_CONDITIONS = DEBUG;
				SWIFT_OPTIMIZATION_LEVEL = "-Onone";
			};
			name = Debug;
		};
		FDB2CB3F21E6194500802B87 /* Release */ = {
			isa = XCBuildConfiguration;
			buildSettings = {
				ALWAYS_SEARCH_USER_PATHS = NO;
				CLANG_ANALYZER_NONNULL = YES;
				CLANG_ANALYZER_NUMBER_OBJECT_CONVERSION = YES_AGGRESSIVE;
				CLANG_CXX_LANGUAGE_STANDARD = "gnu++14";
				CLANG_CXX_LIBRARY = "libc++";
				CLANG_ENABLE_MODULES = YES;
				CLANG_ENABLE_OBJC_ARC = YES;
				CLANG_ENABLE_OBJC_WEAK = YES;
				CLANG_WARN_BLOCK_CAPTURE_AUTORELEASING = YES;
				CLANG_WARN_BOOL_CONVERSION = YES;
				CLANG_WARN_COMMA = YES;
				CLANG_WARN_CONSTANT_CONVERSION = YES;
				CLANG_WARN_DEPRECATED_OBJC_IMPLEMENTATIONS = YES;
				CLANG_WARN_DIRECT_OBJC_ISA_USAGE = YES_ERROR;
				CLANG_WARN_DOCUMENTATION_COMMENTS = YES;
				CLANG_WARN_EMPTY_BODY = YES;
				CLANG_WARN_ENUM_CONVERSION = YES;
				CLANG_WARN_INFINITE_RECURSION = YES;
				CLANG_WARN_INT_CONVERSION = YES;
				CLANG_WARN_NON_LITERAL_NULL_CONVERSION = YES;
				CLANG_WARN_OBJC_IMPLICIT_RETAIN_SELF = YES;
				CLANG_WARN_OBJC_LITERAL_CONVERSION = YES;
				CLANG_WARN_OBJC_ROOT_CLASS = YES_ERROR;
				CLANG_WARN_RANGE_LOOP_ANALYSIS = YES;
				CLANG_WARN_STRICT_PROTOTYPES = YES;
				CLANG_WARN_SUSPICIOUS_MOVE = YES;
				CLANG_WARN_UNGUARDED_AVAILABILITY = YES_AGGRESSIVE;
				CLANG_WARN_UNREACHABLE_CODE = YES;
				CLANG_WARN__DUPLICATE_METHOD_MATCH = YES;
				CODE_SIGN_IDENTITY = "iPhone Developer";
				COPY_PHASE_STRIP = NO;
				DEBUG_INFORMATION_FORMAT = "dwarf-with-dsym";
				ENABLE_NS_ASSERTIONS = NO;
				ENABLE_STRICT_OBJC_MSGSEND = YES;
				GCC_C_LANGUAGE_STANDARD = gnu11;
				GCC_NO_COMMON_BLOCKS = YES;
				GCC_WARN_64_TO_32_BIT_CONVERSION = YES;
				GCC_WARN_ABOUT_RETURN_TYPE = YES_ERROR;
				GCC_WARN_UNDECLARED_SELECTOR = YES;
				GCC_WARN_UNINITIALIZED_AUTOS = YES_AGGRESSIVE;
				GCC_WARN_UNUSED_FUNCTION = YES;
				GCC_WARN_UNUSED_VARIABLE = YES;
				IPHONEOS_DEPLOYMENT_TARGET = 12.1;
				MTL_ENABLE_DEBUG_INFO = NO;
				MTL_FAST_MATH = YES;
				SDKROOT = iphoneos;
				SWIFT_COMPILATION_MODE = wholemodule;
				SWIFT_OPTIMIZATION_LEVEL = "-O";
				VALIDATE_PRODUCT = YES;
			};
			name = Release;
		};
		FDB2CB4121E6194500802B87 /* Debug */ = {
			isa = XCBuildConfiguration;
			baseConfigurationReference = 9E3DFAB529656F131630F9CB /* Pods-amiihub.debug.xcconfig */;
			buildSettings = {
				ASSETCATALOG_COMPILER_APPICON_NAME = AppIcon;
				CODE_SIGN_STYLE = Automatic;
				DEVELOPMENT_TEAM = V76HB5TB44;
				INFOPLIST_FILE = amiihub/Resources/Info.plist;
				IPHONEOS_DEPLOYMENT_TARGET = 11.0;
				LD_RUNPATH_SEARCH_PATHS = (
					"$(inherited)",
					"@executable_path/Frameworks",
				);
				PRODUCT_BUNDLE_IDENTIFIER = im.zyf.amiihub;
				PRODUCT_NAME = "$(TARGET_NAME)";
				SWIFT_VERSION = 4.2;
				TARGETED_DEVICE_FAMILY = "1,2";
			};
			name = Debug;
		};
		FDB2CB4221E6194500802B87 /* Release */ = {
			isa = XCBuildConfiguration;
			baseConfigurationReference = 68F4747030C1D82C7D506549 /* Pods-amiihub.release.xcconfig */;
			buildSettings = {
				ASSETCATALOG_COMPILER_APPICON_NAME = AppIcon;
				CODE_SIGN_STYLE = Automatic;
				DEVELOPMENT_TEAM = V76HB5TB44;
				INFOPLIST_FILE = amiihub/Resources/Info.plist;
				IPHONEOS_DEPLOYMENT_TARGET = 11.0;
				LD_RUNPATH_SEARCH_PATHS = (
					"$(inherited)",
					"@executable_path/Frameworks",
				);
				PRODUCT_BUNDLE_IDENTIFIER = im.zyf.amiihub;
				PRODUCT_NAME = "$(TARGET_NAME)";
				SWIFT_VERSION = 4.2;
				TARGETED_DEVICE_FAMILY = "1,2";
			};
			name = Release;
		};
/* End XCBuildConfiguration section */

/* Begin XCConfigurationList section */
		FDB2CB2921E6194200802B87 /* Build configuration list for PBXProject "amiihub" */ = {
			isa = XCConfigurationList;
			buildConfigurations = (
				FDB2CB3E21E6194500802B87 /* Debug */,
				FDB2CB3F21E6194500802B87 /* Release */,
			);
			defaultConfigurationIsVisible = 0;
			defaultConfigurationName = Release;
		};
		FDB2CB4021E6194500802B87 /* Build configuration list for PBXNativeTarget "amiihub" */ = {
			isa = XCConfigurationList;
			buildConfigurations = (
				FDB2CB4121E6194500802B87 /* Debug */,
				FDB2CB4221E6194500802B87 /* Release */,
			);
			defaultConfigurationIsVisible = 0;
			defaultConfigurationName = Release;
		};
/* End XCConfigurationList section */
	};
	rootObject = FDB2CB2621E6194200802B87 /* Project object */;
}
